
Microsoft Visual Studio Solution File, Format Version 12.00
# Visual Studio 15
VisualStudioVersion = 15.0.28307.168
MinimumVisualStudioVersion = 10.0.40219.1
Project("{FAE04EC0-301F-11D3-BF4B-00C04F79EFBC}") = "BankDB", "BankDB\BankDB.csproj", "{599384B6-C5B1-45EF-B1A0-64CDFF79AFB7}"
EndProject
Project("{FAE04EC0-301F-11D3-BF4B-00C04F79EFBC}") = "BankDB.Tests", "BankDB.Tests\BankDB.Tests.csproj", "{78A4B09C-5B66-44A4-968F-FC04A44AE116}"
EndProject
Global
	GlobalSection(SolutionConfigurationPlatforms) = preSolution
		Debug|Any CPU = Debug|Any CPU
		Release|Any CPU = Release|Any CPU
	EndGlobalSection
	GlobalSection(ProjectConfigurationPlatforms) = postSolution
		{599384B6-C5B1-45EF-B1A0-64CDFF79AFB7}.Debug|Any CPU.ActiveCfg = Debug|Any CPU
		{599384B6-C5B1-45EF-B1A0-64CDFF79AFB7}.Debug|Any CPU.Build.0 = Debug|Any CPU
		{599384B6-C5B1-45EF-B1A0-64CDFF79AFB7}.Release|Any CPU.ActiveCfg = Release|Any CPU
		{599384B6-C5B1-45EF-B1A0-64CDFF79AFB7}.Release|Any CPU.Build.0 = Release|Any CPU
		{78A4B09C-5B66-44A4-968F-FC04A44AE116}.Debug|Any CPU.ActiveCfg = Debug|Any CPU
		{78A4B09C-5B66-44A4-968F-FC04A44AE116}.Debug|Any CPU.Build.0 = Debug|Any CPU
		{78A4B09C-5B66-44A4-968F-FC04A44AE116}.Release|Any CPU.ActiveCfg = Release|Any CPU
		{78A4B09C-5B66-44A4-968F-FC04A44AE116}.Release|Any CPU.Build.0 = Release|Any CPU
	EndGlobalSection
	GlobalSection(SolutionProperties) = preSolution
		HideSolutionNode = FALSE
	EndGlobalSection
	GlobalSection(ExtensibilityGlobals) = postSolution
		SolutionGuid = {98FB4681-8FCC-4997-91D8-ABDE84BAF3A8}
	EndGlobalSection
EndGlobal
